
Microsoft Visual Studio Solution File, Format Version 12.00
# Visual Studio Version 16
VisualStudioVersion = 16.0.29806.167
MinimumVisualStudioVersion = 10.0.40219.1
Project("{9A19103F-16F7-4668-BE54-9A1E7A4F7556}") = "MobileRechargeApiApp", "MobileRechargeApiApp\MobileRechargeApiApp.csproj", "{1547978E-7626-4DAF-BCB8-1A22EBA5321E}"
EndProject
Project("{9A19103F-16F7-4668-BE54-9A1E7A4F7556}") = "MobileRechargeApiApp.BusinessLayer", "MobileRechargeApiApp.BusinessLayer\MobileRechargeApiApp.BusinessLayer.csproj", "{B24C6BD7-4EB2-4E5A-9E0B-9325F251EB6C}"
EndProject
Project("{9A19103F-16F7-4668-BE54-9A1E7A4F7556}") = "MobileRechargeApiApp.Entities", "MobileRechargeApiApp.Entities\MobileRechargeApiApp.Entities.csproj", "{42F1E110-D442-4284-B264-287848B1E967}"
EndProject
Project("{9A19103F-16F7-4668-BE54-9A1E7A4F7556}") = "MobileRechargeApiApp.DataLayer", "MobileRechargeApiApp.DataLayer\MobileRechargeApiApp.DataLayer.csproj", "{9337CB8A-0386-42AF-B3D1-C600F67678B0}"
EndProject
Project("{FAE04EC0-301F-11D3-BF4B-00C04F79EFBC}") = "MobileRechargeApiApp.Test", "MobileRechargeApiApp.Test\MobileRechargeApiApp.Test.csproj", "{1A17C53C-DA31-45E7-A705-DDE43EAE7747}"
EndProject
Global
	GlobalSection(SolutionConfigurationPlatforms) = preSolution
		Debug|Any CPU = Debug|Any CPU
		Release|Any CPU = Release|Any CPU
	EndGlobalSection
	GlobalSection(ProjectConfigurationPlatforms) = postSolution
		{1547978E-7626-4DAF-BCB8-1A22EBA5321E}.Debug|Any CPU.ActiveCfg = Debug|Any CPU
		{1547978E-7626-4DAF-BCB8-1A22EBA5321E}.Debug|Any CPU.Build.0 = Debug|Any CPU
		{1547978E-7626-4DAF-BCB8-1A22EBA5321E}.Release|Any CPU.ActiveCfg = Release|Any CPU
		{1547978E-7626-4DAF-BCB8-1A22EBA5321E}.Release|Any CPU.Build.0 = Release|Any CPU
		{B24C6BD7-4EB2-4E5A-9E0B-9325F251EB6C}.Debug|Any CPU.ActiveCfg = Debug|Any CPU
		{B24C6BD7-4EB2-4E5A-9E0B-9325F251EB6C}.Debug|Any CPU.Build.0 = Debug|Any CPU
		{B24C6BD7-4EB2-4E5A-9E0B-9325F251EB6C}.Release|Any CPU.ActiveCfg = Release|Any CPU
		{B24C6BD7-4EB2-4E5A-9E0B-9325F251EB6C}.Release|Any CPU.Build.0 = Release|Any CPU
		{42F1E110-D442-4284-B264-287848B1E967}.Debug|Any CPU.ActiveCfg = Debug|Any CPU
		{42F1E110-D442-4284-B264-287848B1E967}.Debug|Any CPU.Build.0 = Debug|Any CPU
		{42F1E110-D442-4284-B264-287848B1E967}.Release|Any CPU.ActiveCfg = Release|Any CPU
		{42F1E110-D442-4284-B264-287848B1E967}.Release|Any CPU.Build.0 = Release|Any CPU
		{9337CB8A-0386-42AF-B3D1-C600F67678B0}.Debug|Any CPU.ActiveCfg = Debug|Any CPU
		{9337CB8A-0386-42AF-B3D1-C600F67678B0}.Debug|Any CPU.Build.0 = Debug|Any CPU
		{9337CB8A-0386-42AF-B3D1-C600F67678B0}.Release|Any CPU.ActiveCfg = Release|Any CPU
		{9337CB8A-0386-42AF-B3D1-C600F67678B0}.Release|Any CPU.Build.0 = Release|Any CPU
		{1A17C53C-DA31-45E7-A705-DDE43EAE7747}.Debug|Any CPU.ActiveCfg = Debug|Any CPU
		{1A17C53C-DA31-45E7-A705-DDE43EAE7747}.Debug|Any CPU.Build.0 = Debug|Any CPU
		{1A17C53C-DA31-45E7-A705-DDE43EAE7747}.Release|Any CPU.ActiveCfg = Release|Any CPU
		{1A17C53C-DA31-45E7-A705-DDE43EAE7747}.Release|Any CPU.Build.0 = Release|Any CPU
	EndGlobalSection
	GlobalSection(SolutionProperties) = preSolution
		HideSolutionNode = FALSE
	EndGlobalSection
	GlobalSection(ExtensibilityGlobals) = postSolution
		SolutionGuid = {AA84C92F-8A4A-4894-B9E4-E7CD00FCB79A}
	EndGlobalSection
EndGlobal
